
Microsoft Visual Studio Solution File, Format Version 12.00
# Visual Studio Version 17
VisualStudioVersion = 17.3.32901.215
MinimumVisualStudioVersion = 10.0.40219.1
Project("{9A19103F-16F7-4668-BE54-9A1E7A4F7556}") = "csharp_boolflix", "csharp_boolflix.csproj", "{92414311-324F-4596-87B2-BBFC519FFDE7}"
EndProject
Global
	GlobalSection(SolutionConfigurationPlatforms) = preSolution
		Debug|Any CPU = Debug|Any CPU
		Release|Any CPU = Release|Any CPU
	EndGlobalSection
	GlobalSection(ProjectConfigurationPlatforms) = postSolution
		{92414311-324F-4596-87B2-BBFC519FFDE7}.Debug|Any CPU.ActiveCfg = Debug|Any CPU
		{92414311-324F-4596-87B2-BBFC519FFDE7}.Debug|Any CPU.Build.0 = Debug|Any CPU
		{92414311-324F-4596-87B2-BBFC519FFDE7}.Release|Any CPU.ActiveCfg = Release|Any CPU
		{92414311-324F-4596-87B2-BBFC519FFDE7}.Release|Any CPU.Build.0 = Release|Any CPU
	EndGlobalSection
	GlobalSection(SolutionProperties) = preSolution
		HideSolutionNode = FALSE
	EndGlobalSection
	GlobalSection(ExtensibilityGlobals) = postSolution
		SolutionGuid = {7CFA6916-27A1-4BD7-A210-513CEFC7259A}
	EndGlobalSection
EndGlobal
